
Microsoft Visual Studio Solution File, Format Version 12.00
# Visual Studio 15
VisualStudioVersion = 15.0.27703.2000
MinimumVisualStudioVersion = 10.0.40219.1
Project("{FAE04EC0-301F-11D3-BF4B-00C04F79EFBC}") = "ReleasePipeDemo", "ReleasePipeDemo\ReleasePipeDemo.csproj", "{4112BD58-FBF4-43D2-AC17-21935278C070}"
EndProject
Project("{FAE04EC0-301F-11D3-BF4B-00C04F79EFBC}") = "ReleasePipeDemo.Tests", "ReleasePipeDemo.Tests\ReleasePipeDemo.Tests.csproj", "{89E6DC09-14D3-4A9A-84E4-E27FA1712B88}"
EndProject
Global
	GlobalSection(SolutionConfigurationPlatforms) = preSolution
		Debug|Any CPU = Debug|Any CPU
		Release|Any CPU = Release|Any CPU
	EndGlobalSection
	GlobalSection(ProjectConfigurationPlatforms) = postSolution
		{4112BD58-FBF4-43D2-AC17-21935278C070}.Debug|Any CPU.ActiveCfg = Debug|Any CPU
		{4112BD58-FBF4-43D2-AC17-21935278C070}.Debug|Any CPU.Build.0 = Debug|Any CPU
		{4112BD58-FBF4-43D2-AC17-21935278C070}.Release|Any CPU.ActiveCfg = Release|Any CPU
		{4112BD58-FBF4-43D2-AC17-21935278C070}.Release|Any CPU.Build.0 = Release|Any CPU
		{89E6DC09-14D3-4A9A-84E4-E27FA1712B88}.Debug|Any CPU.ActiveCfg = Debug|Any CPU
		{89E6DC09-14D3-4A9A-84E4-E27FA1712B88}.Debug|Any CPU.Build.0 = Debug|Any CPU
		{89E6DC09-14D3-4A9A-84E4-E27FA1712B88}.Release|Any CPU.ActiveCfg = Release|Any CPU
		{89E6DC09-14D3-4A9A-84E4-E27FA1712B88}.Release|Any CPU.Build.0 = Release|Any CPU
	EndGlobalSection
	GlobalSection(SolutionProperties) = preSolution
		HideSolutionNode = FALSE
	EndGlobalSection
	GlobalSection(ExtensibilityGlobals) = postSolution
		SolutionGuid = {4B83B55C-230B-41F2-BA9A-D84F6133DA7D}
	EndGlobalSection
EndGlobal
